
Microsoft Visual Studio Solution File, Format Version 12.00
# Visual Studio Version 17
VisualStudioVersion = 17.9.34728.123
MinimumVisualStudioVersion = 10.0.40219.1
Project("{9A19103F-16F7-4668-BE54-9A1E7A4F7556}") = "StaticFilesApi", "StaticFilesApi\StaticFilesApi.csproj", "{A30DC86F-E412-4A02-BCDD-0D930AB6D6A1}"
EndProject
Global
	GlobalSection(SolutionConfigurationPlatforms) = preSolution
		Debug|Any CPU = Debug|Any CPU
		Release|Any CPU = Release|Any CPU
	EndGlobalSection
	GlobalSection(ProjectConfigurationPlatforms) = postSolution
		{A30DC86F-E412-4A02-BCDD-0D930AB6D6A1}.Debug|Any CPU.ActiveCfg = Debug|Any CPU
		{A30DC86F-E412-4A02-BCDD-0D930AB6D6A1}.Debug|Any CPU.Build.0 = Debug|Any CPU
		{A30DC86F-E412-4A02-BCDD-0D930AB6D6A1}.Release|Any CPU.ActiveCfg = Release|Any CPU
		{A30DC86F-E412-4A02-BCDD-0D930AB6D6A1}.Release|Any CPU.Build.0 = Release|Any CPU
	EndGlobalSection
	GlobalSection(SolutionProperties) = preSolution
		HideSolutionNode = FALSE
	EndGlobalSection
	GlobalSection(ExtensibilityGlobals) = postSolution
		SolutionGuid = {DEF205B3-A353-41A7-B98B-B1232F3C659A}
	EndGlobalSection
EndGlobal
